{
  "name": "tests",
  "version": "1.0.0",
  "lockfileVersion": 1,
  "requires": true,
  "dependencies": {
    "ats-unit-testing": {
      "version": "git+http://ubuntu-netfu:3000/randy.valis/ats-unit-testing#3ab841dff2bcf9f95c4b58e52b7f703e4acc8707",
      "from": "git+http://ubuntu-netfu:3000/randy.valis/ats-unit-testing"
    }
  }
}
